
Microsoft Visual Studio Solution File, Format Version 12.00
# Visual Studio Version 17
VisualStudioVersion = 17.10.35122.118
MinimumVisualStudioVersion = 10.0.40219.1
Project("{FAE04EC0-301F-11D3-BF4B-00C04F79EFBC}") = "lab5", "lab5\lab5.csproj", "{83D8F214-0765-4905-A89F-CD7BCD4810D9}"
EndProject
Global
	GlobalSection(SolutionConfigurationPlatforms) = preSolution
		Debug|Any CPU = Debug|Any CPU
		Release|Any CPU = Release|Any CPU
	EndGlobalSection
	GlobalSection(ProjectConfigurationPlatforms) = postSolution
		{83D8F214-0765-4905-A89F-CD7BCD4810D9}.Debug|Any CPU.ActiveCfg = Debug|Any CPU
		{83D8F214-0765-4905-A89F-CD7BCD4810D9}.Debug|Any CPU.Build.0 = Debug|Any CPU
		{83D8F214-0765-4905-A89F-CD7BCD4810D9}.Release|Any CPU.ActiveCfg = Release|Any CPU
		{83D8F214-0765-4905-A89F-CD7BCD4810D9}.Release|Any CPU.Build.0 = Release|Any CPU
	EndGlobalSection
	GlobalSection(SolutionProperties) = preSolution
		HideSolutionNode = FALSE
	EndGlobalSection
	GlobalSection(ExtensibilityGlobals) = postSolution
		SolutionGuid = {933A5433-F12A-4BD8-BEC9-C3F022796029}
	EndGlobalSection
EndGlobal
