
Microsoft Visual Studio Solution File, Format Version 12.00
# Visual Studio Version 17
VisualStudioVersion = 17.10.35122.118
MinimumVisualStudioVersion = 10.0.40219.1
Project("{FAE04EC0-301F-11D3-BF4B-00C04F79EFBC}") = "lab14", "lab14\lab14.csproj", "{21EBBCB8-F936-417A-BAFC-D949176867DA}"
EndProject
Global
	GlobalSection(SolutionConfigurationPlatforms) = preSolution
		Debug|Any CPU = Debug|Any CPU
		Release|Any CPU = Release|Any CPU
	EndGlobalSection
	GlobalSection(ProjectConfigurationPlatforms) = postSolution
		{21EBBCB8-F936-417A-BAFC-D949176867DA}.Debug|Any CPU.ActiveCfg = Debug|Any CPU
		{21EBBCB8-F936-417A-BAFC-D949176867DA}.Debug|Any CPU.Build.0 = Debug|Any CPU
		{21EBBCB8-F936-417A-BAFC-D949176867DA}.Release|Any CPU.ActiveCfg = Release|Any CPU
		{21EBBCB8-F936-417A-BAFC-D949176867DA}.Release|Any CPU.Build.0 = Release|Any CPU
	EndGlobalSection
	GlobalSection(SolutionProperties) = preSolution
		HideSolutionNode = FALSE
	EndGlobalSection
	GlobalSection(ExtensibilityGlobals) = postSolution
		SolutionGuid = {F5A95081-BC1F-4CC7-858E-AA9AC5BDDA61}
	EndGlobalSection
EndGlobal
