
Microsoft Visual Studio Solution File, Format Version 12.00
# Visual Studio Version 17
VisualStudioVersion = 17.7.34031.279
MinimumVisualStudioVersion = 10.0.40219.1
Project("{8BC9CEB8-8B4A-11D0-8D11-00A0C91BC942}") = "SE_Lab06L", "SE_Lab06L\SE_Lab06L.vcxproj", "{FD1CC843-9AD1-4392-BB31-EEB030800239}"
EndProject
Global
	GlobalSection(SolutionConfigurationPlatforms) = preSolution
		Debug|x64 = Debug|x64
		Debug|x86 = Debug|x86
		Release|x64 = Release|x64
		Release|x86 = Release|x86
	EndGlobalSection
	GlobalSection(ProjectConfigurationPlatforms) = postSolution
		{FD1CC843-9AD1-4392-BB31-EEB030800239}.Debug|x64.ActiveCfg = Debug|x64
		{FD1CC843-9AD1-4392-BB31-EEB030800239}.Debug|x64.Build.0 = Debug|x64
		{FD1CC843-9AD1-4392-BB31-EEB030800239}.Debug|x86.ActiveCfg = Debug|Win32
		{FD1CC843-9AD1-4392-BB31-EEB030800239}.Debug|x86.Build.0 = Debug|Win32
		{FD1CC843-9AD1-4392-BB31-EEB030800239}.Release|x64.ActiveCfg = Release|x64
		{FD1CC843-9AD1-4392-BB31-EEB030800239}.Release|x64.Build.0 = Release|x64
		{FD1CC843-9AD1-4392-BB31-EEB030800239}.Release|x86.ActiveCfg = Release|Win32
		{FD1CC843-9AD1-4392-BB31-EEB030800239}.Release|x86.Build.0 = Release|Win32
	EndGlobalSection
	GlobalSection(SolutionProperties) = preSolution
		HideSolutionNode = FALSE
	EndGlobalSection
	GlobalSection(ExtensibilityGlobals) = postSolution
		SolutionGuid = {9D4AD7BE-4EB6-41B1-B020-92D3F6EB149F}
	EndGlobalSection
EndGlobal
