
Microsoft Visual Studio Solution File, Format Version 12.00
# Visual Studio Version 17
VisualStudioVersion = 17.10.35122.118
MinimumVisualStudioVersion = 10.0.40219.1
Project("{8BC9CEB8-8B4A-11D0-8D11-00A0C91BC942}") = "asm3", "asm3\asm3.vcxproj", "{F3A25631-63FB-4886-B16C-FB9D8F5C4E4A}"
EndProject
Global
	GlobalSection(SolutionConfigurationPlatforms) = preSolution
		Debug|x64 = Debug|x64
		Debug|x86 = Debug|x86
		Release|x64 = Release|x64
		Release|x86 = Release|x86
	EndGlobalSection
	GlobalSection(ProjectConfigurationPlatforms) = postSolution
		{F3A25631-63FB-4886-B16C-FB9D8F5C4E4A}.Debug|x64.ActiveCfg = Debug|x64
		{F3A25631-63FB-4886-B16C-FB9D8F5C4E4A}.Debug|x64.Build.0 = Debug|x64
		{F3A25631-63FB-4886-B16C-FB9D8F5C4E4A}.Debug|x86.ActiveCfg = Debug|Win32
		{F3A25631-63FB-4886-B16C-FB9D8F5C4E4A}.Debug|x86.Build.0 = Debug|Win32
		{F3A25631-63FB-4886-B16C-FB9D8F5C4E4A}.Release|x64.ActiveCfg = Release|x64
		{F3A25631-63FB-4886-B16C-FB9D8F5C4E4A}.Release|x64.Build.0 = Release|x64
		{F3A25631-63FB-4886-B16C-FB9D8F5C4E4A}.Release|x86.ActiveCfg = Release|Win32
		{F3A25631-63FB-4886-B16C-FB9D8F5C4E4A}.Release|x86.Build.0 = Release|Win32
	EndGlobalSection
	GlobalSection(SolutionProperties) = preSolution
		HideSolutionNode = FALSE
	EndGlobalSection
	GlobalSection(ExtensibilityGlobals) = postSolution
		SolutionGuid = {38F4147A-D95F-47D7-A98D-0F8C6F5D7DA5}
	EndGlobalSection
EndGlobal
