
Microsoft Visual Studio Solution File, Format Version 12.00
# Visual Studio Version 17
VisualStudioVersion = 17.10.35122.118
MinimumVisualStudioVersion = 10.0.40219.1
Project("{FAE04EC0-301F-11D3-BF4B-00C04F79EFBC}") = "lab12", "lab12\lab12.csproj", "{35AA2CE8-2251-4D62-98B2-D0F8187649E1}"
EndProject
Global
	GlobalSection(SolutionConfigurationPlatforms) = preSolution
		Debug|Any CPU = Debug|Any CPU
		Release|Any CPU = Release|Any CPU
	EndGlobalSection
	GlobalSection(ProjectConfigurationPlatforms) = postSolution
		{35AA2CE8-2251-4D62-98B2-D0F8187649E1}.Debug|Any CPU.ActiveCfg = Debug|Any CPU
		{35AA2CE8-2251-4D62-98B2-D0F8187649E1}.Debug|Any CPU.Build.0 = Debug|Any CPU
		{35AA2CE8-2251-4D62-98B2-D0F8187649E1}.Release|Any CPU.ActiveCfg = Release|Any CPU
		{35AA2CE8-2251-4D62-98B2-D0F8187649E1}.Release|Any CPU.Build.0 = Release|Any CPU
	EndGlobalSection
	GlobalSection(SolutionProperties) = preSolution
		HideSolutionNode = FALSE
	EndGlobalSection
	GlobalSection(ExtensibilityGlobals) = postSolution
		SolutionGuid = {0DE2C20C-E990-47E9-BA22-22FCC6956047}
	EndGlobalSection
EndGlobal
