
Microsoft Visual Studio Solution File, Format Version 12.00
# Visual Studio Version 17
VisualStudioVersion = 17.10.35122.118
MinimumVisualStudioVersion = 10.0.40219.1
Project("{FAE04EC0-301F-11D3-BF4B-00C04F79EFBC}") = "lab3", "lab3\lab3.csproj", "{12757F5A-5417-40BD-9665-367125D06EC4}"
EndProject
Global
	GlobalSection(SolutionConfigurationPlatforms) = preSolution
		Debug|Any CPU = Debug|Any CPU
		Release|Any CPU = Release|Any CPU
	EndGlobalSection
	GlobalSection(ProjectConfigurationPlatforms) = postSolution
		{12757F5A-5417-40BD-9665-367125D06EC4}.Debug|Any CPU.ActiveCfg = Debug|Any CPU
		{12757F5A-5417-40BD-9665-367125D06EC4}.Debug|Any CPU.Build.0 = Debug|Any CPU
		{12757F5A-5417-40BD-9665-367125D06EC4}.Release|Any CPU.ActiveCfg = Release|Any CPU
		{12757F5A-5417-40BD-9665-367125D06EC4}.Release|Any CPU.Build.0 = Release|Any CPU
	EndGlobalSection
	GlobalSection(SolutionProperties) = preSolution
		HideSolutionNode = FALSE
	EndGlobalSection
	GlobalSection(ExtensibilityGlobals) = postSolution
		SolutionGuid = {F7AD5175-9D00-4CE7-9573-A315A43F0C2E}
	EndGlobalSection
EndGlobal
